// !$*UTF8*$!
{
	archiveVersion = 1;
	classes = {
	};
	objectVersion = 46;
	objects = {

/* Begin PBXBuildFile section */
		048147C91D5ADA890031E8AE /* AppDelegate.swift in Sources */ = {isa = PBXBuildFile; fileRef = 048147C81D5ADA890031E8AE /* AppDelegate.swift */; };
		048147CB1D5ADA890031E8AE /* ViewController.swift in Sources */ = {isa = PBXBuildFile; fileRef = 048147CA1D5ADA890031E8AE /* ViewController.swift */; };
		048147CE1D5ADA890031E8AE /* Main.storyboard in Resources */ = {isa = PBXBuildFile; fileRef = 048147CC1D5ADA890031E8AE /* Main.storyboard */; };
		048147D01D5ADA890031E8AE /* Assets.xcassets in Resources */ = {isa = PBXBuildFile; fileRef = 048147CF1D5ADA890031E8AE /* Assets.xcassets */; };
		048147D31D5ADA890031E8AE /* LaunchScreen.storyboard in Resources */ = {isa = PBXBuildFile; fileRef = 048147D11D5ADA890031E8AE /* LaunchScreen.storyboard */; };
		048147DB1D5ADAAF0031E8AE /* VersionAlertView.swift in Sources */ = {isa = PBXBuildFile; fileRef = 048147DA1D5ADAAF0031E8AE /* VersionAlertView.swift */; };
		A8AA69B9319829FCC96DC1A2 /* Pods_versionAlert.framework in Frameworks */ = {isa = PBXBuildFile; fileRef = A53D93B536D6C85CAB0A602A /* Pods_versionAlert.framework */; };
/* End PBXBuildFile section */

/* Begin PBXFileReference section */
		048147C51D5ADA890031E8AE /* versionAlert.app */ = {isa = PBXFileReference; explicitFileType = wrapper.application; includeInIndex = 0; path = versionAlert.app; sourceTree = BUILT_PRODUCTS_DIR; };
		048147C81D5ADA890031E8AE /* AppDelegate.swift */ = {isa = PBXFileReference; lastKnownFileType = sourcecode.swift; path = AppDelegate.swift; sourceTree = "<group>"; };
		048147CA1D5ADA890031E8AE /* ViewController.swift */ = {isa = PBXFileReference; lastKnownFileType = sourcecode.swift; path = ViewController.swift; sourceTree = "<group>"; };
		048147CD1D5ADA890031E8AE /* Base */ = {isa = PBXFileReference; lastKnownFileType = file.storyboard; name = Base; path = Base.lproj/Main.storyboard; sourceTree = "<group>"; };
		048147CF1D5ADA890031E8AE /* Assets.xcassets */ = {isa = PBXFileReference; lastKnownFileType = folder.assetcatalog; path = Assets.xcassets; sourceTree = "<group>"; };
		048147D21D5ADA890031E8AE /* Base */ = {isa = PBXFileReference; lastKnownFileType = file.storyboard; name = Base; path = Base.lproj/LaunchScreen.storyboard; sourceTree = "<group>"; };
		048147D41D5ADA890031E8AE /* Info.plist */ = {isa = PBXFileReference; lastKnownFileType = text.plist.xml; path = Info.plist; sourceTree = "<group>"; };
		048147DA1D5ADAAF0031E8AE /* VersionAlertView.swift */ = {isa = PBXFileReference; fileEncoding = 4; lastKnownFileType = sourcecode.swift; path = VersionAlertView.swift; sourceTree = "<group>"; };
		1B4F69E17907E7EBFC64BE5E /* Pods-versionAlert.release.xcconfig */ = {isa = PBXFileReference; includeInIndex = 1; lastKnownFileType = text.xcconfig; name = "Pods-versionAlert.release.xcconfig"; path = "Pods/Target Support Files/Pods-versionAlert/Pods-versionAlert.release.xcconfig"; sourceTree = "<group>"; };
		A53D93B536D6C85CAB0A602A /* Pods_versionAlert.framework */ = {isa = PBXFileReference; explicitFileType = wrapper.framework; includeInIndex = 0; path = Pods_versionAlert.framework; sourceTree = BUILT_PRODUCTS_DIR; };
		E3D8219CD1551C9728C435F7 /* Pods-versionAlert.debug.xcconfig */ = {isa = PBXFileReference; includeInIndex = 1; lastKnownFileType = text.xcconfig; name = "Pods-versionAlert.debug.xcconfig"; path = "Pods/Target Support Files/Pods-versionAlert/Pods-versionAlert.debug.xcconfig"; sourceTree = "<group>"; };
/* End PBXFileReference section */

/* Begin PBXFrameworksBuildPhase section */
		048147C21D5ADA890031E8AE /* Frameworks */ = {
			isa = PBXFrameworksBuildPhase;
			buildActionMask = 2147483647;
			files = (
				A8AA69B9319829FCC96DC1A2 /* Pods_versionAlert.framework in Frameworks */,
			);
			runOnlyForDeploymentPostprocessing = 0;
		};
/* End PBXFrameworksBuildPhase section */

/* Begin PBXGroup section */
		048147BC1D5ADA890031E8AE = {
			isa = PBXGroup;
			children = (
				048147C71D5ADA890031E8AE /* versionAlert */,
				048147C61D5ADA890031E8AE /* Products */,
				91F21D33FF39B71F58EE3CD6 /* Pods */,
				D2AD3A512D8246E76BA31B54 /* Frameworks */,
			);
			sourceTree = "<group>";
		};
		048147C61D5ADA890031E8AE /* Products */ = {
			isa = PBXGroup;
			children = (
				048147C51D5ADA890031E8AE /* versionAlert.app */,
			);
			name = Products;
			sourceTree = "<group>";
		};
		048147C71D5ADA890031E8AE /* versionAlert */ = {
			isa = PBXGroup;
			children = (
				048147C81D5ADA890031E8AE /* AppDelegate.swift */,
				048147CA1D5ADA890031E8AE /* ViewController.swift */,
				048147DA1D5ADAAF0031E8AE /* VersionAlertView.swift */,
				048147CC1D5ADA890031E8AE /* Main.storyboard */,
				048147CF1D5ADA890031E8AE /* Assets.xcassets */,
				048147D11D5ADA890031E8AE /* LaunchScreen.storyboard */,
				048147D41D5ADA890031E8AE /* Info.plist */,
			);
			path = versionAlert;
			sourceTree = "<group>";
		};
		91F21D33FF39B71F58EE3CD6 /* Pods */ = {
			isa = PBXGroup;
			children = (
				E3D8219CD1551C9728C435F7 /* Pods-versionAlert.debug.xcconfig */,
				1B4F69E17907E7EBFC64BE5E /* Pods-versionAlert.release.xcconfig */,
			);
			name = Pods;
			sourceTree = "<group>";
		};
		D2AD3A512D8246E76BA31B54 /* Frameworks */ = {
			isa = PBXGroup;
			children = (
				A53D93B536D6C85CAB0A602A /* Pods_versionAlert.framework */,
			);
			name = Frameworks;
			sourceTree = "<group>";
		};
/* End PBXGroup section */

/* Begin PBXNativeTarget section */
		048147C41D5ADA890031E8AE /* versionAlert */ = {
			isa = PBXNativeTarget;
			buildConfigurationList = 048147D71D5ADA890031E8AE /* Build configuration list for PBXNativeTarget "versionAlert" */;
			buildPhases = (
				C693DD9758AAEE326D834F9C /* [CP] Check Pods Manifest.lock */,
				048147C11D5ADA890031E8AE /* Sources */,
				048147C21D5ADA890031E8AE /* Frameworks */,
				048147C31D5ADA890031E8AE /* Resources */,
				B01266335DF4F3CF8A2B6C01 /* [CP] Embed Pods Frameworks */,
				72E8A8E2E8E738BC8E286415 /* [CP] Copy Pods Resources */,
			);
			buildRules = (
			);
			dependencies = (
			);
			name = versionAlert;
			productName = versionAlert;
			productReference = 048147C51D5ADA890031E8AE /* versionAlert.app */;
			productType = "com.apple.product-type.application";
		};
/* End PBXNativeTarget section */

/* Begin PBXProject section */
		048147BD1D5ADA890031E8AE /* Project object */ = {
			isa = PBXProject;
			attributes = {
				LastSwiftUpdateCheck = 0730;
				LastUpgradeCheck = 0730;
				ORGANIZATIONNAME = haohao;
				TargetAttributes = {
					048147C41D5ADA890031E8AE = {
						CreatedOnToolsVersion = 7.3;
						DevelopmentTeam = E72K3Q86M5;
						LastSwiftMigration = 0800;
					};
				};
			};
			buildConfigurationList = 048147C01D5ADA890031E8AE /* Build configuration list for PBXProject "versionAlert" */;
			compatibilityVersion = "Xcode 3.2";
			developmentRegion = English;
			hasScannedForEncodings = 0;
			knownRegions = (
				en,
				Base,
			);
			mainGroup = 048147BC1D5ADA890031E8AE;
			productRefGroup = 048147C61D5ADA890031E8AE /* Products */;
			projectDirPath = "";
			projectRoot = "";
			targets = (
				048147C41D5ADA890031E8AE /* versionAlert */,
			);
		};
/* End PBXProject section */

/* Begin PBXResourcesBuildPhase section */
		048147C31D5ADA890031E8AE /* Resources */ = {
			isa = PBXResourcesBuildPhase;
			buildActionMask = 2147483647;
			files = (
				048147D31D5ADA890031E8AE /* LaunchScreen.storyboard in Resources */,
				048147D01D5ADA890031E8AE /* Assets.xcassets in Resources */,
				048147CE1D5ADA890031E8AE /* Main.storyboard in Resources */,
			);
			runOnlyForDeploymentPostprocessing = 0;
		};
/* End PBXResourcesBuildPhase section */

/* Begin PBXShellScriptBuildPhase section */
		72E8A8E2E8E738BC8E286415 /* [CP] Copy Pods Resources */ = {
			isa = PBXShellScriptBuildPhase;
			buildActionMask = 2147483647;
			files = (
			);
			inputPaths = (
			);
			name = "[CP] Copy Pods Resources";
			outputPaths = (
			);
			runOnlyForDeploymentPostprocessing = 0;
			shellPath = /bin/sh;
			shellScript = "\"${SRCROOT}/Pods/Target Support Files/Pods-versionAlert/Pods-versionAlert-resources.sh\"\n";
			showEnvVarsInLog = 0;
		};
		B01266335DF4F3CF8A2B6C01 /* [CP] Embed Pods Frameworks */ = {
			isa = PBXShellScriptBuildPhase;
			buildActionMask = 2147483647;
			files = (
			);
			inputPaths = (
			);
			name = "[CP] Embed Pods Frameworks";
			outputPaths = (
			);
			runOnlyForDeploymentPostprocessing = 0;
			shellPath = /bin/sh;
			shellScript = "\"${SRCROOT}/Pods/Target Support Files/Pods-versionAlert/Pods-versionAlert-frameworks.sh\"\n";
			showEnvVarsInLog = 0;
		};
		C693DD9758AAEE326D834F9C /* [CP] Check Pods Manifest.lock */ = {
			isa = PBXShellScriptBuildPhase;
			buildActionMask = 2147483647;
			files = (
			);
			inputPaths = (
			);
			name = "[CP] Check Pods Manifest.lock";
			outputPaths = (
			);
			runOnlyForDeploymentPostprocessing = 0;
			shellPath = /bin/sh;
			shellScript = "diff \"${PODS_ROOT}/../Podfile.lock\" \"${PODS_ROOT}/Manifest.lock\" > /dev/null\nif [[ $? != 0 ]] ; then\n    cat << EOM\nerror: The sandbox is not in sync with the Podfile.lock. Run 'pod install' or update your CocoaPods installation.\nEOM\n    exit 1\nfi\n";
			showEnvVarsInLog = 0;
		};
/* End PBXShellScriptBuildPhase section */

/* Begin PBXSourcesBuildPhase section */
		048147C11D5ADA890031E8AE /* Sources */ = {
			isa = PBXSourcesBuildPhase;
			buildActionMask = 2147483647;
			files = (
				048147CB1D5ADA890031E8AE /* ViewController.swift in Sources */,
				048147DB1D5ADAAF0031E8AE /* VersionAlertView.swift in Sources */,
				048147C91D5ADA890031E8AE /* AppDelegate.swift in Sources */,
			);
			runOnlyForDeploymentPostprocessing = 0;
		};
/* End PBXSourcesBuildPhase section */

/* Begin PBXVariantGroup section */
		048147CC1D5ADA890031E8AE /* Main.storyboard */ = {
			isa = PBXVariantGroup;
			children = (
				048147CD1D5ADA890031E8AE /* Base */,
			);
			name = Main.storyboard;
			sourceTree = "<group>";
		};
		048147D11D5ADA890031E8AE /* LaunchScreen.storyboard */ = {
			isa = PBXVariantGroup;
			children = (
				048147D21D5ADA890031E8AE /* Base */,
			);
			name = LaunchScreen.storyboard;
			sourceTree = "<group>";
		};
/* End PBXVariantGroup section */

/* Begin XCBuildConfiguration section */
		048147D51D5ADA890031E8AE /* Debug */ = {
			isa = XCBuildConfiguration;
			buildSettings = {
				ALWAYS_SEARCH_USER_PATHS = NO;
				CLANG_ANALYZER_NONNULL = YES;
				CLANG_CXX_LANGUAGE_STANDARD = "gnu++0x";
				CLANG_CXX_LIBRARY = "libc++";
				CLANG_ENABLE_MODULES = YES;
				CLANG_ENABLE_OBJC_ARC = YES;
				CLANG_WARN_BOOL_CONVERSION = YES;
				CLANG_WARN_CONSTANT_CONVERSION = YES;
				CLANG_WARN_DIRECT_OBJC_ISA_USAGE = YES_ERROR;
				CLANG_WARN_EMPTY_BODY = YES;
				CLANG_WARN_ENUM_CONVERSION = YES;
				CLANG_WARN_INT_CONVERSION = YES;
				CLANG_WARN_OBJC_ROOT_CLASS = YES_ERROR;
				CLANG_WARN_UNREACHABLE_CODE = YES;
				CLANG_WARN__DUPLICATE_METHOD_MATCH = YES;
				"CODE_SIGN_IDENTITY[sdk=iphoneos*]" = "iPhone Developer";
				COPY_PHASE_STRIP = NO;
				DEBUG_INFORMATION_FORMAT = dwarf;
				ENABLE_STRICT_OBJC_MSGSEND = YES;
				ENABLE_TESTABILITY = YES;
				GCC_C_LANGUAGE_STANDARD = gnu99;
				GCC_DYNAMIC_NO_PIC = NO;
				GCC_NO_COMMON_BLOCKS = YES;
				GCC_OPTIMIZATION_LEVEL = 0;
				GCC_PREPROCESSOR_DEFINITIONS = (
					"DEBUG=1",
					"$(inherited)",
				);
				GCC_WARN_64_TO_32_BIT_CONVERSION = YES;
				GCC_WARN_ABOUT_RETURN_TYPE = YES_ERROR;
				GCC_WARN_UNDECLARED_SELECTOR = YES;
				GCC_WARN_UNINITIALIZED_AUTOS = YES_AGGRESSIVE;
				GCC_WARN_UNUSED_FUNCTION = YES;
				GCC_WARN_UNUSED_VARIABLE = YES;
				IPHONEOS_DEPLOYMENT_TARGET = 9.3;
				MTL_ENABLE_DEBUG_INFO = YES;
				ONLY_ACTIVE_ARCH = YES;
				SDKROOT = iphoneos;
				SWIFT_OPTIMIZATION_LEVEL = "-Onone";
				TARGETED_DEVICE_FAMILY = "1,2";
			};
			name = Debug;
		};
		048147D61D5ADA890031E8AE /* Release */ = {
			isa = XCBuildConfiguration;
			buildSettings = {
				ALWAYS_SEARCH_USER_PATHS = NO;
				CLANG_ANALYZER_NONNULL = YES;
				CLANG_CXX_LANGUAGE_STANDARD = "gnu++0x";
				CLANG_CXX_LIBRARY = "libc++";
				CLANG_ENABLE_MODULES = YES;
				CLANG_ENABLE_OBJC_ARC = YES;
				CLANG_WARN_BOOL_CONVERSION = YES;
				CLANG_WARN_CONSTANT_CONVERSION = YES;
				CLANG_WARN_DIRECT_OBJC_ISA_USAGE = YES_ERROR;
				CLANG_WARN_EMPTY_BODY = YES;
				CLANG_WARN_ENUM_CONVERSION = YES;
				CLANG_WARN_INT_CONVERSION = YES;
				CLANG_WARN_OBJC_ROOT_CLASS = YES_ERROR;
				CLANG_WARN_UNREACHABLE_CODE = YES;
				CLANG_WARN__DUPLICATE_METHOD_MATCH = YES;
				"CODE_SIGN_IDENTITY[sdk=iphoneos*]" = "iPhone Developer";
				COPY_PHASE_STRIP = NO;
				DEBUG_INFORMATION_FORMAT = "dwarf-with-dsym";
				ENABLE_NS_ASSERTIONS = NO;
				ENABLE_STRICT_OBJC_MSGSEND = YES;
				GCC_C_LANGUAGE_STANDARD = gnu99;
				GCC_NO_COMMON_BLOCKS = YES;
				GCC_WARN_64_TO_32_BIT_CONVERSION = YES;
				GCC_WARN_ABOUT_RETURN_TYPE = YES_ERROR;
				GCC_WARN_UNDECLARED_SELECTOR = YES;
				GCC_WARN_UNINITIALIZED_AUTOS = YES_AGGRESSIVE;
				GCC_WARN_UNUSED_FUNCTION = YES;
				GCC_WARN_UNUSED_VARIABLE = YES;
				IPHONEOS_DEPLOYMENT_TARGET = 9.3;
				MTL_ENABLE_DEBUG_INFO = NO;
				SDKROOT = iphoneos;
				TARGETED_DEVICE_FAMILY = "1,2";
				VALIDATE_PRODUCT = YES;
			};
			name = Release;
		};
		048147D81D5ADA890031E8AE /* Debug */ = {
			isa = XCBuildConfiguration;
			baseConfigurationReference = E3D8219CD1551C9728C435F7 /* Pods-versionAlert.debug.xcconfig */;
			buildSettings = {
				ASSETCATALOG_COMPILER_APPICON_NAME = AppIcon;
				CODE_SIGN_IDENTITY = "iPhone Developer";
				INFOPLIST_FILE = versionAlert/Info.plist;
				IPHONEOS_DEPLOYMENT_TARGET = 8.0;
				LD_RUNPATH_SEARCH_PATHS = "$(inherited) @executable_path/Frameworks";
				PRODUCT_BUNDLE_IDENTIFIER = com.lsf.versionAlert;
				PRODUCT_NAME = "$(TARGET_NAME)";
				SWIFT_VERSION = 3.0;
			};
			name = Debug;
		};
		048147D91D5ADA890031E8AE /* Release */ = {
			isa = XCBuildConfiguration;
			baseConfigurationReference = 1B4F69E17907E7EBFC64BE5E /* Pods-versionAlert.release.xcconfig */;
			buildSettings = {
				ASSETCATALOG_COMPILER_APPICON_NAME = AppIcon;
				CODE_SIGN_IDENTITY = "iPhone Developer";
				INFOPLIST_FILE = versionAlert/Info.plist;
				IPHONEOS_DEPLOYMENT_TARGET = 8.0;
				LD_RUNPATH_SEARCH_PATHS = "$(inherited) @executable_path/Frameworks";
				PRODUCT_BUNDLE_IDENTIFIER = com.lsf.versionAlert;
				PRODUCT_NAME = "$(TARGET_NAME)";
				SWIFT_VERSION = 3.0;
			};
			name = Release;
		};
/* End XCBuildConfiguration section */

/* Begin XCConfigurationList section */
		048147C01D5ADA890031E8AE /* Build configuration list for PBXProject "versionAlert" */ = {
			isa = XCConfigurationList;
			buildConfigurations = (
				048147D51D5ADA890031E8AE /* Debug */,
				048147D61D5ADA890031E8AE /* Release */,
			);
			defaultConfigurationIsVisible = 0;
			defaultConfigurationName = Release;
		};
		048147D71D5ADA890031E8AE /* Build configuration list for PBXNativeTarget "versionAlert" */ = {
			isa = XCConfigurationList;
			buildConfigurations = (
				048147D81D5ADA890031E8AE /* Debug */,
				048147D91D5ADA890031E8AE /* Release */,
			);
			defaultConfigurationIsVisible = 0;
			defaultConfigurationName = Release;
		};
/* End XCConfigurationList section */
	};
	rootObject = 048147BD1D5ADA890031E8AE /* Project object */;
}
